github.com/google/uuid v1.2.0 h1:qJYtXnJRWmpe7m/3XlyhrsLrEURqHRM2kxzoxXqyUDs=
github.com/google/uuid v1.2.0/go.mod h1:TIyPZe4MgqvfeYDBFedMoGGpEw/LqOeaOT+nhxU+yHo=
github.com/mattn/go-sqlite3 v1.14.6 h1:dNPt6NO46WmLVt2DLNpwczCmdV5boIZ6g/tlDrlRUbg=
github.com/mattn/go-sqlite3 v1.14.6/go.mod h1:NyWgC/yNuGj7Q9rpYnZvas74GogHl5/Z4A/KQRfk6bU=
github.com/x-research-team/bus v0.0.0-20210202205111-0c3e46242c12 h1:qRDGoWbMjnrNra2GSR04b4ciH6J0PCqRnJflgtgeWbY=
github.com/x-research-team/bus v0.0.0-20210202205111-0c3e46242c12/go.mod h1:ARfh493Ho1GtmVgDQldaKO6/ZMWLZ+/fIQA4qBYe/JI=
github.com/x-research-team/bus v0.0.0-20210304144413-703f6b3f24d5 h1:g6BmHiQKW0rXE1EqAtBr3KHVCtLb6zsfh3vmzzPZE1A=
github.com/x-research-team/bus v0.0.0-20210304144413-703f6b3f24d5/go.mod h1:VWJoBY8ZHQkpXFjy8cpXuZwmSjOsNUIwetiH9nrlhDs=
github.com/x-research-team/contract v0.0.0-20210130215307-f57ff7134700 h1:qDHRi1jMgqwLICFVYR4tMi8Q4f6Tp0H2FwfB9HKqekk=
github.com/x-research-team/contract v0.0.0-20210130215307-f57ff7134700/go.mod h1:YL2rizKDbV/0962ebruBFLl71puijKzQqhzXiqRUljY=
github.com/x-research-team/contract v0.0.0-20210304144252-d1a66fd39340 h1:oEiTgJ160YYTM6SGjAlYYbvgCctSMrmO1dQnHp+Q6ME=
github.com/x-research-team/contract v0.0.0-20210304144252-d1a66fd39340/go.mod h1:ksn/gGTJ4DesIU/ASAnLibtgSabbBNSqFVrXT4+/+LQ=
github.com/x-research-team/implant v0.0.0-20210130220427-71f426a30bbd h1:u0f1PF352g+aafACd5X0/KwPrrt3AQHPhZ6gDBXnCg0=
github.com/x-research-team/implant v0.0.0-20210130220427-71f426a30bbd/go.mod h1:BYBr1q7b2WbSaTbcMuTSAJEAecDEhJ+Pi6kq241/LjQ=
github.com/x-research-team/implant v0.0.0-20210304144437-c28210ad36f3 h1:rCosBkPLBjDUNUnSP+ndYrqd2dtiaFgLXrXAuVBZYX0=
github.com/x-research-team/implant v0.0.0-20210304144437-c28210ad36f3/go.mod h1:K47KQJwuxxsH1XB/dLCGkRWHZymOJ5jaVAQ6WxtN1tg=
github.com/x-research-team/utils v0.0.0-20210202201616-bd34163d591b h1:qDi0fFfy1Rn5R4piC6tfeWwE1qIBmUmGXlwQhGuFfjo=
github.com/x-research-team/utils v0.0.0-20210202201616-bd34163d591b/go.mod h1:HtJgQq+gOl0rnG3fnEasLMzY4KlEwH5zN2HEM3OLej4=
github.com/x-research-team/utils v0.0.0-20210304144840-5488d33f3d0d h1:+/gWzehBh93cm0tMlKxmfiD0ECD1dbwjr+RDS+BO6Hg=
github.com/x-research-team/utils v0.0.0-20210304144840-5488d33f3d0d/go.mod h1:hGcZz1FtYBXU5OKS4iPap5PTPB+2xjd/6LFVnE3ewlg=
github.com/x-research-team/vm v0.0.0-20210304141618-4d80db7051ca h1:2OnNN6nqiw/EZaxevOGbC18ql2zG8+K3DFecFZcODss=
github.com/x-research-team/vm v0.0.0-20210304141618-4d80db7051ca/go.mod h1:HEvT++JbdZc4gjbOsD+66x5EHZvjIpMKAcfdHR2sjVU=
github.com/x-research-team/vm v0.0.0-20210304142510-8b16331d5235 h1:iXAEnV5IZ634/Ete/esAzanZ0NartMHFw80rZQtWXlc=
github.com/x-research-team/vm v0.0.0-20210304142510-8b16331d5235/go.mod h1:HEvT++JbdZc4gjbOsD+66x5EHZvjIpMKAcfdHR2sjVU=
github.com/x-research-team/vm v0.0.0-20210304143215-31cad1b3039c h1:RG0J4LuI0mw3ah4F8e9k24gqZOYCepES7tHiTcvaUP0=
github.com/x-research-team/vm v0.0.0-20210304143215-31cad1b3039c/go.mod h1:HEvT++JbdZc4gjbOsD+66x5EHZvjIpMKAcfdHR2sjVU=
github.com/x-research-team/vm v0.0.0-20210305090245-1710c9929861 h1:URmSnoz5atmnDQq9wzbfdEG1W+5oXXmxMQVdR755Lxg=
github.com/x-research-team/vm v0.0.0-20210305090245-1710c9929861/go.mod h1:HEvT++JbdZc4gjbOsD+66x5EHZvjIpMKAcfdHR2sjVU=
